PODS:
  - facebook_app_events (0.0.1):
    - FBAudienceNetwork (~> 6.9.0)
    - FBSDKCoreKit (~> 14.0.0)
    - Flutter
  - FBAEMKit (14.0.0):
    - FBSDKCoreKit_Basics (= 14.0.0)
  - FBAudienceNetwork (6.9.0)
  - FBSDKCoreKit (14.0.0):
    - FBAEMKit (= 14.0.0)
    - FBSDKCoreKit_Basics (= 14.0.0)
  - FBSDKCoreKit_Basics (14.0.0)
  - Flutter (1.0.0)

DEPENDENCIES:
  - facebook_app_events (from `.symlinks/plugins/facebook_app_events/ios`)
  - Flutter (from `Flutter`)

SPEC REPOS:
  trunk:
    - FBAEMKit
    - FBAudienceNetwork
    - FBSDKCoreKit
    - FBSDKCoreKit_Basics

EXTERNAL SOURCES:
  facebook_app_events:
    :path: ".symlinks/plugins/facebook_app_events/ios"
  Flutter:
    :path: Flutter

SPEC CHECKSUMS:
  facebook_app_events: 62752eb33a4b0c6d3a6b62c724a83c6489b57aea
  FBAEMKit: d00064597439e75885c70d9adbcb5f3e9ad84f5d
  FBAudienceNetwork: 83096d73433759c10f9cf9b3bad5e5cff58694cb
  FBSDKCoreKit: e5d3acfffe5063a9d0b967ba2ad1f5afc460cf43
  FBSDKCoreKit_Basics: 1ff46a12e80f0b66e6c00e1ef32d6a5b5b9008a5
  Flutter: 50d75fe2f02b26cc09d224853bb45737f8b3214a

PODFILE CHECKSUM: aafe91acc616949ddb318b77800a7f51bffa2a4c

COCOAPODS: 1.11.3
